// !$*UTF8*$!
{
	archiveVersion = 1;
	classes = {
	};
	objectVersion = 46;
	objects = {

/* Begin PBXBuildFile section */
		EDF274761774C29900AA3AC1 /* UIKit.framework in Frameworks */ = {isa = PBXBuildFile; fileRef = EDF274751774C29900AA3AC1 /* UIKit.framework */; };
		EDF274781774C29900AA3AC1 /* Foundation.framework in Frameworks */ = {isa = PBXBuildFile; fileRef = EDF274771774C29900AA3AC1 /* Foundation.framework */; };
		EDF2747A1774C29900AA3AC1 /* CoreGraphics.framework in Frameworks */ = {isa = PBXBuildFile; fileRef = EDF274791774C29900AA3AC1 /* CoreGraphics.framework */; };
		EDF2747C1774C29900AA3AC1 /* CoreData.framework in Frameworks */ = {isa = PBXBuildFile; fileRef = EDF2747B1774C29900AA3AC1 /* CoreData.framework */; };
		EDF274821774C29900AA3AC1 /* InfoPlist.strings in Resources */ = {isa = PBXBuildFile; fileRef = EDF274801774C29900AA3AC1 /* InfoPlist.strings */; };
		EDF274841774C29900AA3AC1 /* main.m in Sources */ = {isa = PBXBuildFile; fileRef = EDF274831774C29900AA3AC1 /* main.m */; };
		EDF274881774C29900AA3AC1 /* BBAppDelegate.m in Sources */ = {isa = PBXBuildFile; fileRef = EDF274871774C29900AA3AC1 /* BBAppDelegate.m */; };
		EDF2748A1774C29A00AA3AC1 /* Default.png in Resources */ = {isa = PBXBuildFile; fileRef = EDF274891774C29A00AA3AC1 /* Default.png */; };
		EDF2748C1774C29A00AA3AC1 /* Default@2x.png in Resources */ = {isa = PBXBuildFile; fileRef = EDF2748B1774C29A00AA3AC1 /* Default@2x.png */; };
		EDF2748E1774C29A00AA3AC1 /* Default-568h@2x.png in Resources */ = {isa = PBXBuildFile; fileRef = EDF2748D1774C29A00AA3AC1 /* Default-568h@2x.png */; };
		EDF274911774C29A00AA3AC1 /* Biome_Battle.xcdatamodeld in Sources */ = {isa = PBXBuildFile; fileRef = EDF2748F1774C29A00AA3AC1 /* Biome_Battle.xcdatamodeld */; };
		EDF274991774C32500AA3AC1 /* BBJsonConnecttion.m in Sources */ = {isa = PBXBuildFile; fileRef = EDF274981774C32500AA3AC1 /* BBJsonConnecttion.m */; };
		EDF2749C1774CAC800AA3AC1 /* BBCard.m in Sources */ = {isa = PBXBuildFile; fileRef = EDF2749B1774CAC800AA3AC1 /* BBCard.m */; };
/* End PBXBuildFile section */

/* Begin PBXFileReference section */
		EDF274721774C29900AA3AC1 /* Biome Battle.app */ = {isa = PBXFileReference; explicitFileType = wrapper.application; includeInIndex = 0; path = "Biome Battle.app"; sourceTree = BUILT_PRODUCTS_DIR; };
		EDF274751774C29900AA3AC1 /* UIKit.framework */ = {isa = PBXFileReference; lastKnownFileType = wrapper.framework; name = UIKit.framework; path = System/Library/Frameworks/UIKit.framework; sourceTree = SDKROOT; };
		EDF274771774C29900AA3AC1 /* Foundation.framework */ = {isa = PBXFileReference; lastKnownFileType = wrapper.framework; name = Foundation.framework; path = System/Library/Frameworks/Foundation.framework; sourceTree = SDKROOT; };
		EDF274791774C29900AA3AC1 /* CoreGraphics.framework */ = {isa = PBXFileReference; lastKnownFileType = wrapper.framework; name = CoreGraphics.framework; path = System/Library/Frameworks/CoreGraphics.framework; sourceTree = SDKROOT; };
		EDF2747B1774C29900AA3AC1 /* CoreData.framework */ = {isa = PBXFileReference; lastKnownFileType = wrapper.framework; name = CoreData.framework; path = System/Library/Frameworks/CoreData.framework; sourceTree = SDKROOT; };
		EDF2747F1774C29900AA3AC1 /* Biome Battle-Info.plist */ = {isa = PBXFileReference; lastKnownFileType = text.plist.xml; path = "Biome Battle-Info.plist"; sourceTree = "<group>"; };
		EDF274811774C29900AA3AC1 /* en */ = {isa = PBXFileReference; lastKnownFileType = text.plist.strings; name = en; path = en.lproj/InfoPlist.strings; sourceTree = "<group>"; };
		EDF274831774C29900AA3AC1 /* main.m */ = {isa = PBXFileReference; lastKnownFileType = sourcecode.c.objc; path = main.m; sourceTree = "<group>"; };
		EDF274851774C29900AA3AC1 /* Biome Battle-Prefix.pch */ = {isa = PBXFileReference; lastKnownFileType = sourcecode.c.h; path = "Biome Battle-Prefix.pch"; sourceTree = "<group>"; };
		EDF274861774C29900AA3AC1 /* BBAppDelegate.h */ = {isa = PBXFileReference; lastKnownFileType = sourcecode.c.h; path = BBAppDelegate.h; sourceTree = "<group>"; };
		EDF274871774C29900AA3AC1 /* BBAppDelegate.m */ = {isa = PBXFileReference; lastKnownFileType = sourcecode.c.objc; path = BBAppDelegate.m; sourceTree = "<group>"; };
		EDF274891774C29A00AA3AC1 /* Default.png */ = {isa = PBXFileReference; lastKnownFileType = image.png; path = Default.png; sourceTree = "<group>"; };
		EDF2748B1774C29A00AA3AC1 /* Default@2x.png */ = {isa = PBXFileReference; lastKnownFileType = image.png; path = "Default@2x.png"; sourceTree = "<group>"; };
		EDF2748D1774C29A00AA3AC1 /* Default-568h@2x.png */ = {isa = PBXFileReference; lastKnownFileType = image.png; path = "Default-568h@2x.png"; sourceTree = "<group>"; };
		EDF274901774C29A00AA3AC1 /* Biome_Battle.xcdatamodel */ = {isa = PBXFileReference; lastKnownFileType = wrapper.xcdatamodel; path = Biome_Battle.xcdatamodel; sourceTree = "<group>"; };
		EDF274971774C32500AA3AC1 /* BBJsonConnecttion.h */ = {isa = PBXFileReference; fileEncoding = 4; lastKnownFileType = sourcecode.c.h; path = BBJsonConnecttion.h; sourceTree = "<group>"; };
		EDF274981774C32500AA3AC1 /* BBJsonConnecttion.m */ = {isa = PBXFileReference; fileEncoding = 4; lastKnownFileType = sourcecode.c.objc; path = BBJsonConnecttion.m; sourceTree = "<group>"; };
		EDF2749A1774CAC800AA3AC1 /* BBCard.h */ = {isa = PBXFileReference; fileEncoding = 4; lastKnownFileType = sourcecode.c.h; path = BBCard.h; sourceTree = "<group>"; };
		EDF2749B1774CAC800AA3AC1 /* BBCard.m */ = {isa = PBXFileReference; fileEncoding = 4; lastKnownFileType = sourcecode.c.objc; path = BBCard.m; sourceTree = "<group>"; };
/* End PBXFileReference section */

/* Begin PBXFrameworksBuildPhase section */
		EDF2746F1774C29900AA3AC1 /* Frameworks */ = {
			isa = PBXFrameworksBuildPhase;
			buildActionMask = 2147483647;
			files = (
				EDF274761774C29900AA3AC1 /* UIKit.framework in Frameworks */,
				EDF274781774C29900AA3AC1 /* Foundation.framework in Frameworks */,
				EDF2747A1774C29900AA3AC1 /* CoreGraphics.framework in Frameworks */,
				EDF2747C1774C29900AA3AC1 /* CoreData.framework in Frameworks */,
			);
			runOnlyForDeploymentPostprocessing = 0;
		};
/* End PBXFrameworksBuildPhase section */

/* Begin PBXGroup section */
		EDF274691774C29900AA3AC1 = {
			isa = PBXGroup;
			children = (
				EDF2747D1774C29900AA3AC1 /* Biome Battle */,
				EDF274741774C29900AA3AC1 /* Frameworks */,
				EDF274731774C29900AA3AC1 /* Products */,
			);
			sourceTree = "<group>";
		};
		EDF274731774C29900AA3AC1 /* Products */ = {
			isa = PBXGroup;
			children = (
				EDF274721774C29900AA3AC1 /* Biome Battle.app */,
			);
			name = Products;
			sourceTree = "<group>";
		};
		EDF274741774C29900AA3AC1 /* Frameworks */ = {
			isa = PBXGroup;
			children = (
				EDF274751774C29900AA3AC1 /* UIKit.framework */,
				EDF274771774C29900AA3AC1 /* Foundation.framework */,
				EDF274791774C29900AA3AC1 /* CoreGraphics.framework */,
				EDF2747B1774C29900AA3AC1 /* CoreData.framework */,
			);
			name = Frameworks;
			sourceTree = "<group>";
		};
		EDF2747D1774C29900AA3AC1 /* Biome Battle */ = {
			isa = PBXGroup;
			children = (
				EDF274861774C29900AA3AC1 /* BBAppDelegate.h */,
				EDF274871774C29900AA3AC1 /* BBAppDelegate.m */,
				EDF2748F1774C29A00AA3AC1 /* Biome_Battle.xcdatamodeld */,
				EDF2747E1774C29900AA3AC1 /* Supporting Files */,
			);
			path = "Biome Battle";
			sourceTree = "<group>";
		};
		EDF2747E1774C29900AA3AC1 /* Supporting Files */ = {
			isa = PBXGroup;
			children = (
				EDF2747F1774C29900AA3AC1 /* Biome Battle-Info.plist */,
				EDF274801774C29900AA3AC1 /* InfoPlist.strings */,
				EDF274831774C29900AA3AC1 /* main.m */,
				EDF274851774C29900AA3AC1 /* Biome Battle-Prefix.pch */,
				EDF274891774C29A00AA3AC1 /* Default.png */,
				EDF2748B1774C29A00AA3AC1 /* Default@2x.png */,
				EDF2748D1774C29A00AA3AC1 /* Default-568h@2x.png */,
				EDF274971774C32500AA3AC1 /* BBJsonConnecttion.h */,
				EDF2749A1774CAC800AA3AC1 /* BBCard.h */,
				EDF2749B1774CAC800AA3AC1 /* BBCard.m */,
				EDF274981774C32500AA3AC1 /* BBJsonConnecttion.m */,
			);
			name = "Supporting Files";
			sourceTree = "<group>";
		};
/* End PBXGroup section */

/* Begin PBXNativeTarget section */
		EDF274711774C29900AA3AC1 /* Biome Battle */ = {
			isa = PBXNativeTarget;
			buildConfigurationList = EDF274941774C29A00AA3AC1 /* Build configuration list for PBXNativeTarget "Biome Battle" */;
			buildPhases = (
				EDF2746E1774C29900AA3AC1 /* Sources */,
				EDF2746F1774C29900AA3AC1 /* Frameworks */,
				EDF274701774C29900AA3AC1 /* Resources */,
			);
			buildRules = (
			);
			dependencies = (
			);
			name = "Biome Battle";
			productName = "Biome Battle";
			productReference = EDF274721774C29900AA3AC1 /* Biome Battle.app */;
			productType = "com.apple.product-type.application";
		};
/* End PBXNativeTarget section */

/* Begin PBXProject section */
		EDF2746A1774C29900AA3AC1 /* Project object */ = {
			isa = PBXProject;
			attributes = {
				CLASSPREFIX = BB;
				LastUpgradeCheck = 0460;
				ORGANIZATIONNAME = "Hai fu Yu";
			};
			buildConfigurationList = EDF2746D1774C29900AA3AC1 /* Build configuration list for PBXProject "Biome Battle" */;
			compatibilityVersion = "Xcode 3.2";
			developmentRegion = English;
			hasScannedForEncodings = 0;
			knownRegions = (
				en,
			);
			mainGroup = EDF274691774C29900AA3AC1;
			productRefGroup = EDF274731774C29900AA3AC1 /* Products */;
			projectDirPath = "";
			projectRoot = "";
			targets = (
				EDF274711774C29900AA3AC1 /* Biome Battle */,
			);
		};
/* End PBXProject section */

/* Begin PBXResourcesBuildPhase section */
		EDF274701774C29900AA3AC1 /* Resources */ = {
			isa = PBXResourcesBuildPhase;
			buildActionMask = 2147483647;
			files = (
				EDF274821774C29900AA3AC1 /* InfoPlist.strings in Resources */,
				EDF2748A1774C29A00AA3AC1 /* Default.png in Resources */,
				EDF2748C1774C29A00AA3AC1 /* Default@2x.png in Resources */,
				EDF2748E1774C29A00AA3AC1 /* Default-568h@2x.png in Resources */,
			);
			runOnlyForDeploymentPostprocessing = 0;
		};
/* End PBXResourcesBuildPhase section */

/* Begin PBXSourcesBuildPhase section */
		EDF2746E1774C29900AA3AC1 /* Sources */ = {
			isa = PBXSourcesBuildPhase;
			buildActionMask = 2147483647;
			files = (
				EDF274841774C29900AA3AC1 /* main.m in Sources */,
				EDF274881774C29900AA3AC1 /* BBAppDelegate.m in Sources */,
				EDF274911774C29A00AA3AC1 /* Biome_Battle.xcdatamodeld in Sources */,
				EDF274991774C32500AA3AC1 /* BBJsonConnecttion.m in Sources */,
				EDF2749C1774CAC800AA3AC1 /* BBCard.m in Sources */,
			);
			runOnlyForDeploymentPostprocessing = 0;
		};
/* End PBXSourcesBuildPhase section */

/* Begin PBXVariantGroup section */
		EDF274801774C29900AA3AC1 /* InfoPlist.strings */ = {
			isa = PBXVariantGroup;
			children = (
				EDF274811774C29900AA3AC1 /* en */,
			);
			name = InfoPlist.strings;
			sourceTree = "<group>";
		};
/* End PBXVariantGroup section */

/* Begin XCBuildConfiguration section */
		EDF274921774C29A00AA3AC1 /* Debug */ = {
			isa = XCBuildConfiguration;
			buildSettings = {
				ALWAYS_SEARCH_USER_PATHS = NO;
				CLANG_CXX_LANGUAGE_STANDARD = "gnu++0x";
				CLANG_CXX_LIBRARY = "libc++";
				CLANG_ENABLE_OBJC_ARC = YES;
				CLANG_WARN_CONSTANT_CONVERSION = YES;
				CLANG_WARN_EMPTY_BODY = YES;
				CLANG_WARN_ENUM_CONVERSION = YES;
				CLANG_WARN_INT_CONVERSION = YES;
				CLANG_WARN__DUPLICATE_METHOD_MATCH = YES;
				"CODE_SIGN_IDENTITY[sdk=iphoneos*]" = "iPhone Developer";
				COPY_PHASE_STRIP = NO;
				GCC_C_LANGUAGE_STANDARD = gnu99;
				GCC_DYNAMIC_NO_PIC = NO;
				GCC_OPTIMIZATION_LEVEL = 0;
				GCC_PREPROCESSOR_DEFINITIONS = (
					"DEBUG=1",
					"$(inherited)",
				);
				GCC_SYMBOLS_PRIVATE_EXTERN = NO;
				GCC_WARN_ABOUT_RETURN_TYPE = YES;
				GCC_WARN_UNINITIALIZED_AUTOS = YES;
				GCC_WARN_UNUSED_VARIABLE = YES;
				IPHONEOS_DEPLOYMENT_TARGET = 6.1;
				ONLY_ACTIVE_ARCH = YES;
				SDKROOT = iphoneos;
			};
			name = Debug;
		};
		EDF274931774C29A00AA3AC1 /* Release */ = {
			isa = XCBuildConfiguration;
			buildSettings = {
				ALWAYS_SEARCH_USER_PATHS = NO;
				CLANG_CXX_LANGUAGE_STANDARD = "gnu++0x";
				CLANG_CXX_LIBRARY = "libc++";
				CLANG_ENABLE_OBJC_ARC = YES;
				CLANG_WARN_CONSTANT_CONVERSION = YES;
				CLANG_WARN_EMPTY_BODY = YES;
				CLANG_WARN_ENUM_CONVERSION = YES;
				CLANG_WARN_INT_CONVERSION = YES;
				CLANG_WARN__DUPLICATE_METHOD_MATCH = YES;
				"CODE_SIGN_IDENTITY[sdk=iphoneos*]" = "iPhone Developer";
				COPY_PHASE_STRIP = YES;
				GCC_C_LANGUAGE_STANDARD = gnu99;
				GCC_WARN_ABOUT_RETURN_TYPE = YES;
				GCC_WARN_UNINITIALIZED_AUTOS = YES;
				GCC_WARN_UNUSED_VARIABLE = YES;
				IPHONEOS_DEPLOYMENT_TARGET = 6.1;
				OTHER_CFLAGS = "-DNS_BLOCK_ASSERTIONS=1";
				SDKROOT = iphoneos;
				VALIDATE_PRODUCT = YES;
			};
			name = Release;
		};
		EDF274951774C29A00AA3AC1 /* Debug */ = {
			isa = XCBuildConfiguration;
			buildSettings = {
				GCC_PRECOMPILE_PREFIX_HEADER = YES;
				GCC_PREFIX_HEADER = "Biome Battle/Biome Battle-Prefix.pch";
				INFOPLIST_FILE = "Biome Battle/Biome Battle-Info.plist";
				PRODUCT_NAME = "$(TARGET_NAME)";
				WRAPPER_EXTENSION = app;
			};
			name = Debug;
		};
		EDF274961774C29A00AA3AC1 /* Release */ = {
			isa = XCBuildConfiguration;
			buildSettings = {
				GCC_PRECOMPILE_PREFIX_HEADER = YES;
				GCC_PREFIX_HEADER = "Biome Battle/Biome Battle-Prefix.pch";
				INFOPLIST_FILE = "Biome Battle/Biome Battle-Info.plist";
				PRODUCT_NAME = "$(TARGET_NAME)";
				WRAPPER_EXTENSION = app;
			};
			name = Release;
		};
/* End XCBuildConfiguration section */

/* Begin XCConfigurationList section */
		EDF2746D1774C29900AA3AC1 /* Build configuration list for PBXProject "Biome Battle" */ = {
			isa = XCConfigurationList;
			buildConfigurations = (
				EDF274921774C29A00AA3AC1 /* Debug */,
				EDF274931774C29A00AA3AC1 /* Release */,
			);
			defaultConfigurationIsVisible = 0;
			defaultConfigurationName = Release;
		};
		EDF274941774C29A00AA3AC1 /* Build configuration list for PBXNativeTarget "Biome Battle" */ = {
			isa = XCConfigurationList;
			buildConfigurations = (
				EDF274951774C29A00AA3AC1 /* Debug */,
				EDF274961774C29A00AA3AC1 /* Release */,
			);
			defaultConfigurationIsVisible = 0;
		};
/* End XCConfigurationList section */

/* Begin XCVersionGroup section */
		EDF2748F1774C29A00AA3AC1 /* Biome_Battle.xcdatamodeld */ = {
			isa = XCVersionGroup;
			children = (
				EDF274901774C29A00AA3AC1 /* Biome_Battle.xcdatamodel */,
			);
			currentVersion = EDF274901774C29A00AA3AC1 /* Biome_Battle.xcdatamodel */;
			path = Biome_Battle.xcdatamodeld;
			sourceTree = "<group>";
			versionGroupType = wrapper.xcdatamodel;
		};
/* End XCVersionGroup section */
	};
	rootObject = EDF2746A1774C29900AA3AC1 /* Project object */;
}
